
Microsoft Visual Studio Solution File, Format Version 12.00
# Visual Studio 15
VisualStudioVersion = 15.0.28307.421
MinimumVisualStudioVersion = 10.0.40219.1
Project("{FAE04EC0-301F-11D3-BF4B-00C04F79EFBC}") = "Miny", "Miny\Miny.csproj", "{86BB2B61-BED8-4A30-A072-43F0E0B5F20A}"
EndProject
Global
	GlobalSection(SolutionConfigurationPlatforms) = preSolution
		Debug|Any CPU = Debug|Any CPU
		Release|Any CPU = Release|Any CPU
	EndGlobalSection
	GlobalSection(ProjectConfigurationPlatforms) = postSolution
		{86BB2B61-BED8-4A30-A072-43F0E0B5F20A}.Debug|Any CPU.ActiveCfg = Debug|Any CPU
		{86BB2B61-BED8-4A30-A072-43F0E0B5F20A}.Debug|Any CPU.Build.0 = Debug|Any CPU
		{86BB2B61-BED8-4A30-A072-43F0E0B5F20A}.Release|Any CPU.ActiveCfg = Release|Any CPU
		{86BB2B61-BED8-4A30-A072-43F0E0B5F20A}.Release|Any CPU.Build.0 = Release|Any CPU
	EndGlobalSection
	GlobalSection(SolutionProperties) = preSolution
		HideSolutionNode = FALSE
	EndGlobalSection
	GlobalSection(ExtensibilityGlobals) = postSolution
		SolutionGuid = {C6E36C81-6A62-473A-9F68-67C5CC3F6102}
	EndGlobalSection
EndGlobal
